
Microsoft Visual Studio Solution File, Format Version 12.00
# Visual Studio Version 17
VisualStudioVersion = 17.13.35931.197
MinimumVisualStudioVersion = 10.0.40219.1
Project("{FAE04EC0-301F-11D3-BF4B-00C04F79EFBC}") = "MicroECommerce.Catalog.Api", "MicroECommerce.Catalog.Api\MicroECommerce.Catalog.Api.csproj", "{058DB585-5D24-4239-BDA8-211D93FCBBA6}"
EndProject
Project("{2150E333-8FDC-42A3-9474-1A3956D46DE8}") = "src", "src", "{02EA681E-C7D8-13C7-8484-4AC65E1B71E8}"
EndProject
Project("{2150E333-8FDC-42A3-9474-1A3956D46DE8}") = "Catalog", "Catalog", "{57A66DCA-8D5D-458A-B1C5-BB6B072E9F21}"
EndProject
Project("{2150E333-8FDC-42A3-9474-1A3956D46DE8}") = "Services", "Services", "{E6A58706-2D26-4207-9D10-16616432B7B8}"
EndProject
Project("{FAE04EC0-301F-11D3-BF4B-00C04F79EFBC}") = "MicroECommerce.Catalog.Application", "MicroECommerce.Catalog.Application\MicroECommerce.Catalog.Application.csproj", "{95843AC9-CFF6-46CD-A311-313FFA06D75C}"
EndProject
Project("{FAE04EC0-301F-11D3-BF4B-00C04F79EFBC}") = "MicroECommerce.Catalog.Domain", "MicroECommerce.Catalog.Domain\MicroECommerce.Catalog.Domain.csproj", "{5F4B16A9-90D1-47FE-926B-97CD54C8FE45}"
EndProject
Project("{FAE04EC0-301F-11D3-BF4B-00C04F79EFBC}") = "MicroECommerce.Catalog.Infrastructure", "MicroECommerce.Catalog.Infrastructure\MicroECommerce.Catalog.Infrastructure.csproj", "{6B82434E-F7E9-4069-A289-3E77B4CC816A}"
EndProject
Project("{FAE04EC0-301F-11D3-BF4B-00C04F79EFBC}") = "MicroECommerce.Catalog.Contracts", "MicroECommerce.Catalog.Contracts\MicroECommerce.Catalog.Contracts.csproj", "{6DC81247-81EC-405B-A38F-70476B6D6D7E}"
EndProject
Project("{2150E333-8FDC-42A3-9474-1A3956D46DE8}") = "Order", "Order", "{5EF3B66E-D906-45E6-9355-1B491F706B8E}"
EndProject
Project("{2150E333-8FDC-42A3-9474-1A3956D46DE8}") = "Shared", "Shared", "{EAA08209-AA3F-4CAD-98D2-CB1F6916F20A}"
EndProject
Project("{FAE04EC0-301F-11D3-BF4B-00C04F79EFBC}") = "MicroECommerce.Order.Api", "MicroECommerce.Order.Api\MicroECommerce.Order.Api.csproj", "{41679A45-F00E-498C-BB6C-173C0B94E62D}"
EndProject
Project("{FAE04EC0-301F-11D3-BF4B-00C04F79EFBC}") = "MicroECommerce.Order.Application", "MicroECommerce.Order.Application\MicroECommerce.Order.Application.csproj", "{0E74D156-1C00-4CD8-8E47-E1C9D478E237}"
EndProject
Project("{FAE04EC0-301F-11D3-BF4B-00C04F79EFBC}") = "MicroECommerce.Order.Domain", "MicroECommerce.Order.Domain\MicroECommerce.Order.Domain.csproj", "{821C9700-EE45-4592-964A-A7C47FCD1015}"
EndProject
Project("{FAE04EC0-301F-11D3-BF4B-00C04F79EFBC}") = "MicroECommerce.Order.Infrastructure", "MicroECommerce.Order.Infrastructure\MicroECommerce.Order.Infrastructure.csproj", "{09AF1929-C5B0-4A38-9522-8DC44BB947E1}"
EndProject
Project("{FAE04EC0-301F-11D3-BF4B-00C04F79EFBC}") = "MicroECommerce.Order.Contracts", "MicroECommerce.Order.Contracts\MicroECommerce.Order.Contracts.csproj", "{51FF29F8-03F8-4B5D-9165-9C45053B40A5}"
EndProject
Project("{FAE04EC0-301F-11D3-BF4B-00C04F79EFBC}") = "MicroECommerce.Shared.Infrastructure", "MicroECommerce.Shared.Infrastructure\MicroECommerce.Shared.Infrastructure.csproj", "{32F670BE-3796-4EB9-962C-1DCC7989E615}"
EndProject
Project("{FAE04EC0-301F-11D3-BF4B-00C04F79EFBC}") = "MicroECommerce.Shared.Contracts", "..\MicroECommerce.Shared.Contracts\MicroECommerce.Shared.Contracts.csproj", "{20D5BD04-7E80-4331-B9B5-BB714749176C}"
EndProject
Global
	GlobalSection(SolutionConfigurationPlatforms) = preSolution
		Debug|Any CPU = Debug|Any CPU
		Release|Any CPU = Release|Any CPU
	EndGlobalSection
	GlobalSection(ProjectConfigurationPlatforms) = postSolution
		{058DB585-5D24-4239-BDA8-211D93FCBBA6}.Debug|Any CPU.ActiveCfg = Debug|Any CPU
		{058DB585-5D24-4239-BDA8-211D93FCBBA6}.Debug|Any CPU.Build.0 = Debug|Any CPU
		{058DB585-5D24-4239-BDA8-211D93FCBBA6}.Release|Any CPU.ActiveCfg = Release|Any CPU
		{058DB585-5D24-4239-BDA8-211D93FCBBA6}.Release|Any CPU.Build.0 = Release|Any CPU
		{95843AC9-CFF6-46CD-A311-313FFA06D75C}.Debug|Any CPU.ActiveCfg = Debug|Any CPU
		{95843AC9-CFF6-46CD-A311-313FFA06D75C}.Debug|Any CPU.Build.0 = Debug|Any CPU
		{95843AC9-CFF6-46CD-A311-313FFA06D75C}.Release|Any CPU.ActiveCfg = Release|Any CPU
		{95843AC9-CFF6-46CD-A311-313FFA06D75C}.Release|Any CPU.Build.0 = Release|Any CPU
		{5F4B16A9-90D1-47FE-926B-97CD54C8FE45}.Debug|Any CPU.ActiveCfg = Debug|Any CPU
		{5F4B16A9-90D1-47FE-926B-97CD54C8FE45}.Debug|Any CPU.Build.0 = Debug|Any CPU
		{5F4B16A9-90D1-47FE-926B-97CD54C8FE45}.Release|Any CPU.ActiveCfg = Release|Any CPU
		{5F4B16A9-90D1-47FE-926B-97CD54C8FE45}.Release|Any CPU.Build.0 = Release|Any CPU
		{6B82434E-F7E9-4069-A289-3E77B4CC816A}.Debug|Any CPU.ActiveCfg = Debug|Any CPU
		{6B82434E-F7E9-4069-A289-3E77B4CC816A}.Debug|Any CPU.Build.0 = Debug|Any CPU
		{6B82434E-F7E9-4069-A289-3E77B4CC816A}.Release|Any CPU.ActiveCfg = Release|Any CPU
		{6B82434E-F7E9-4069-A289-3E77B4CC816A}.Release|Any CPU.Build.0 = Release|Any CPU
		{6DC81247-81EC-405B-A38F-70476B6D6D7E}.Debug|Any CPU.ActiveCfg = Debug|Any CPU
		{6DC81247-81EC-405B-A38F-70476B6D6D7E}.Debug|Any CPU.Build.0 = Debug|Any CPU
		{6DC81247-81EC-405B-A38F-70476B6D6D7E}.Release|Any CPU.ActiveCfg = Release|Any CPU
		{6DC81247-81EC-405B-A38F-70476B6D6D7E}.Release|Any CPU.Build.0 = Release|Any CPU
		{41679A45-F00E-498C-BB6C-173C0B94E62D}.Debug|Any CPU.ActiveCfg = Debug|Any CPU
		{41679A45-F00E-498C-BB6C-173C0B94E62D}.Debug|Any CPU.Build.0 = Debug|Any CPU
		{41679A45-F00E-498C-BB6C-173C0B94E62D}.Release|Any CPU.ActiveCfg = Release|Any CPU
		{41679A45-F00E-498C-BB6C-173C0B94E62D}.Release|Any CPU.Build.0 = Release|Any CPU
		{0E74D156-1C00-4CD8-8E47-E1C9D478E237}.Debug|Any CPU.ActiveCfg = Debug|Any CPU
		{0E74D156-1C00-4CD8-8E47-E1C9D478E237}.Debug|Any CPU.Build.0 = Debug|Any CPU
		{0E74D156-1C00-4CD8-8E47-E1C9D478E237}.Release|Any CPU.ActiveCfg = Release|Any CPU
		{0E74D156-1C00-4CD8-8E47-E1C9D478E237}.Release|Any CPU.Build.0 = Release|Any CPU
		{821C9700-EE45-4592-964A-A7C47FCD1015}.Debug|Any CPU.ActiveCfg = Debug|Any CPU
		{821C9700-EE45-4592-964A-A7C47FCD1015}.Debug|Any CPU.Build.0 = Debug|Any CPU
		{821C9700-EE45-4592-964A-A7C47FCD1015}.Release|Any CPU.ActiveCfg = Release|Any CPU
		{821C9700-EE45-4592-964A-A7C47FCD1015}.Release|Any CPU.Build.0 = Release|Any CPU
		{09AF1929-C5B0-4A38-9522-8DC44BB947E1}.Debug|Any CPU.ActiveCfg = Debug|Any CPU
		{09AF1929-C5B0-4A38-9522-8DC44BB947E1}.Debug|Any CPU.Build.0 = Debug|Any CPU
		{09AF1929-C5B0-4A38-9522-8DC44BB947E1}.Release|Any CPU.ActiveCfg = Release|Any CPU
		{09AF1929-C5B0-4A38-9522-8DC44BB947E1}.Release|Any CPU.Build.0 = Release|Any CPU
		{51FF29F8-03F8-4B5D-9165-9C45053B40A5}.Debug|Any CPU.ActiveCfg = Debug|Any CPU
		{51FF29F8-03F8-4B5D-9165-9C45053B40A5}.Debug|Any CPU.Build.0 = Debug|Any CPU
		{51FF29F8-03F8-4B5D-9165-9C45053B40A5}.Release|Any CPU.ActiveCfg = Release|Any CPU
		{51FF29F8-03F8-4B5D-9165-9C45053B40A5}.Release|Any CPU.Build.0 = Release|Any CPU
		{32F670BE-3796-4EB9-962C-1DCC7989E615}.Debug|Any CPU.ActiveCfg = Debug|Any CPU
		{32F670BE-3796-4EB9-962C-1DCC7989E615}.Debug|Any CPU.Build.0 = Debug|Any CPU
		{32F670BE-3796-4EB9-962C-1DCC7989E615}.Release|Any CPU.ActiveCfg = Release|Any CPU
		{32F670BE-3796-4EB9-962C-1DCC7989E615}.Release|Any CPU.Build.0 = Release|Any CPU
		{20D5BD04-7E80-4331-B9B5-BB714749176C}.Debug|Any CPU.ActiveCfg = Debug|Any CPU
		{20D5BD04-7E80-4331-B9B5-BB714749176C}.Debug|Any CPU.Build.0 = Debug|Any CPU
		{20D5BD04-7E80-4331-B9B5-BB714749176C}.Release|Any CPU.ActiveCfg = Release|Any CPU
		{20D5BD04-7E80-4331-B9B5-BB714749176C}.Release|Any CPU.Build.0 = Release|Any CPU
	EndGlobalSection
	GlobalSection(SolutionProperties) = preSolution
		HideSolutionNode = FALSE
	EndGlobalSection
	GlobalSection(NestedProjects) = preSolution
		{058DB585-5D24-4239-BDA8-211D93FCBBA6} = {57A66DCA-8D5D-458A-B1C5-BB6B072E9F21}
		{57A66DCA-8D5D-458A-B1C5-BB6B072E9F21} = {E6A58706-2D26-4207-9D10-16616432B7B8}
		{E6A58706-2D26-4207-9D10-16616432B7B8} = {02EA681E-C7D8-13C7-8484-4AC65E1B71E8}
		{95843AC9-CFF6-46CD-A311-313FFA06D75C} = {57A66DCA-8D5D-458A-B1C5-BB6B072E9F21}
		{5F4B16A9-90D1-47FE-926B-97CD54C8FE45} = {57A66DCA-8D5D-458A-B1C5-BB6B072E9F21}
		{6B82434E-F7E9-4069-A289-3E77B4CC816A} = {57A66DCA-8D5D-458A-B1C5-BB6B072E9F21}
		{6DC81247-81EC-405B-A38F-70476B6D6D7E} = {57A66DCA-8D5D-458A-B1C5-BB6B072E9F21}
		{5EF3B66E-D906-45E6-9355-1B491F706B8E} = {E6A58706-2D26-4207-9D10-16616432B7B8}
		{EAA08209-AA3F-4CAD-98D2-CB1F6916F20A} = {E6A58706-2D26-4207-9D10-16616432B7B8}
		{41679A45-F00E-498C-BB6C-173C0B94E62D} = {5EF3B66E-D906-45E6-9355-1B491F706B8E}
		{0E74D156-1C00-4CD8-8E47-E1C9D478E237} = {5EF3B66E-D906-45E6-9355-1B491F706B8E}
		{821C9700-EE45-4592-964A-A7C47FCD1015} = {5EF3B66E-D906-45E6-9355-1B491F706B8E}
		{09AF1929-C5B0-4A38-9522-8DC44BB947E1} = {5EF3B66E-D906-45E6-9355-1B491F706B8E}
		{51FF29F8-03F8-4B5D-9165-9C45053B40A5} = {5EF3B66E-D906-45E6-9355-1B491F706B8E}
		{32F670BE-3796-4EB9-962C-1DCC7989E615} = {EAA08209-AA3F-4CAD-98D2-CB1F6916F20A}
		{20D5BD04-7E80-4331-B9B5-BB714749176C} = {EAA08209-AA3F-4CAD-98D2-CB1F6916F20A}
	EndGlobalSection
	GlobalSection(ExtensibilityGlobals) = postSolution
		SolutionGuid = {B7B5518A-1A92-4EEC-9E19-2427A53AC39B}
	EndGlobalSection
EndGlobal
